
Microsoft Visual Studio Solution File, Format Version 12.00
# Visual Studio Version 17
VisualStudioVersion = 17.0.31903.59
MinimumVisualStudioVersion = 10.0.40219.1
Project("{2150E333-8FDC-42A3-9474-1A3956D46DE8}") = "src", "src", "{723DB40C-ED67-44F1-A5BA-5CFAB198B70B}"
EndProject
Project("{2150E333-8FDC-42A3-9474-1A3956D46DE8}") = "Solution Items", "Solution Items", "{98C9FA8D-7283-4857-A7E6-118990104A66}"
	ProjectSection(SolutionItems) = preProject
		.editorconfig = .editorconfig
		.gitignore = .gitignore
	EndProjectSection
EndProject
Project("{9A19103F-16F7-4668-BE54-9A1E7A4F7556}") = "IWent.Persistence", "src\IWent.Persistence\IWent.Persistence.csproj", "{B6D6EFA1-2E70-4871-9AC4-A2C71CD13392}"
EndProject
Project("{9A19103F-16F7-4668-BE54-9A1E7A4F7556}") = "IWent.Api", "src\IWent.Api\IWent.Api.csproj", "{29497DDE-3305-4899-AE92-1530F9A1DF20}"
EndProject
Project("{9A19103F-16F7-4668-BE54-9A1E7A4F7556}") = "IWent.Services", "src\IWent.Services\IWent.Services.csproj", "{62EFF556-C9C6-4D06-9D43-A168C29DB7A5}"
EndProject
Project("{2150E333-8FDC-42A3-9474-1A3956D46DE8}") = "test", "test", "{546D9F97-7134-4A29-83ED-DCA7B86C4945}"
EndProject
Project("{9A19103F-16F7-4668-BE54-9A1E7A4F7556}") = "IWent.Api.Tests", "test\IWent.Api.Tests\IWent.Api.Tests.csproj", "{BA83951A-DACA-40EE-84DF-08D666EAAF20}"
EndProject
Project("{9A19103F-16F7-4668-BE54-9A1E7A4F7556}") = "IWent.IntegrationTests", "test\IWent.IntegrationTests\IWent.IntegrationTests.csproj", "{0867E6F7-1B02-44BF-A692-7FAE570EA191}"
EndProject
Project("{9A19103F-16F7-4668-BE54-9A1E7A4F7556}") = "IWent.Tests.Shared", "test\IWent.Tests.Shared\IWent.Tests.Shared.csproj", "{1642037A-3018-4360-B8B9-2CDEBDE07688}"
EndProject
Project("{9A19103F-16F7-4668-BE54-9A1E7A4F7556}") = "IWent.Messages", "src\IWent.Messages\IWent.Messages.csproj", "{51B3558A-FC15-4FBE-BC84-D34E474B5737}"
EndProject
Project("{FAE04EC0-301F-11D3-BF4B-00C04F79EFBC}") = "IWent.Notifications", "src\IWent.Notifications\IWent.Notifications.csproj", "{F2337592-FC4F-4138-BAA4-0F265C31882C}"
EndProject
Global
	GlobalSection(SolutionConfigurationPlatforms) = preSolution
		Debug|Any CPU = Debug|Any CPU
		Release|Any CPU = Release|Any CPU
	EndGlobalSection
	GlobalSection(ProjectConfigurationPlatforms) = postSolution
		{B6D6EFA1-2E70-4871-9AC4-A2C71CD13392}.Debug|Any CPU.ActiveCfg = Debug|Any CPU
		{B6D6EFA1-2E70-4871-9AC4-A2C71CD13392}.Debug|Any CPU.Build.0 = Debug|Any CPU
		{B6D6EFA1-2E70-4871-9AC4-A2C71CD13392}.Release|Any CPU.ActiveCfg = Release|Any CPU
		{B6D6EFA1-2E70-4871-9AC4-A2C71CD13392}.Release|Any CPU.Build.0 = Release|Any CPU
		{29497DDE-3305-4899-AE92-1530F9A1DF20}.Debug|Any CPU.ActiveCfg = Debug|Any CPU
		{29497DDE-3305-4899-AE92-1530F9A1DF20}.Debug|Any CPU.Build.0 = Debug|Any CPU
		{29497DDE-3305-4899-AE92-1530F9A1DF20}.Release|Any CPU.ActiveCfg = Release|Any CPU
		{29497DDE-3305-4899-AE92-1530F9A1DF20}.Release|Any CPU.Build.0 = Release|Any CPU
		{62EFF556-C9C6-4D06-9D43-A168C29DB7A5}.Debug|Any CPU.ActiveCfg = Debug|Any CPU
		{62EFF556-C9C6-4D06-9D43-A168C29DB7A5}.Debug|Any CPU.Build.0 = Debug|Any CPU
		{62EFF556-C9C6-4D06-9D43-A168C29DB7A5}.Release|Any CPU.ActiveCfg = Release|Any CPU
		{62EFF556-C9C6-4D06-9D43-A168C29DB7A5}.Release|Any CPU.Build.0 = Release|Any CPU
		{BA83951A-DACA-40EE-84DF-08D666EAAF20}.Debug|Any CPU.ActiveCfg = Debug|Any CPU
		{BA83951A-DACA-40EE-84DF-08D666EAAF20}.Debug|Any CPU.Build.0 = Debug|Any CPU
		{BA83951A-DACA-40EE-84DF-08D666EAAF20}.Release|Any CPU.ActiveCfg = Release|Any CPU
		{BA83951A-DACA-40EE-84DF-08D666EAAF20}.Release|Any CPU.Build.0 = Release|Any CPU
		{0867E6F7-1B02-44BF-A692-7FAE570EA191}.Debug|Any CPU.ActiveCfg = Debug|Any CPU
		{0867E6F7-1B02-44BF-A692-7FAE570EA191}.Debug|Any CPU.Build.0 = Debug|Any CPU
		{0867E6F7-1B02-44BF-A692-7FAE570EA191}.Release|Any CPU.ActiveCfg = Release|Any CPU
		{0867E6F7-1B02-44BF-A692-7FAE570EA191}.Release|Any CPU.Build.0 = Release|Any CPU
		{1642037A-3018-4360-B8B9-2CDEBDE07688}.Debug|Any CPU.ActiveCfg = Debug|Any CPU
		{1642037A-3018-4360-B8B9-2CDEBDE07688}.Debug|Any CPU.Build.0 = Debug|Any CPU
		{1642037A-3018-4360-B8B9-2CDEBDE07688}.Release|Any CPU.ActiveCfg = Release|Any CPU
		{1642037A-3018-4360-B8B9-2CDEBDE07688}.Release|Any CPU.Build.0 = Release|Any CPU
		{51B3558A-FC15-4FBE-BC84-D34E474B5737}.Debug|Any CPU.ActiveCfg = Debug|Any CPU
		{51B3558A-FC15-4FBE-BC84-D34E474B5737}.Debug|Any CPU.Build.0 = Debug|Any CPU
		{51B3558A-FC15-4FBE-BC84-D34E474B5737}.Release|Any CPU.ActiveCfg = Release|Any CPU
		{51B3558A-FC15-4FBE-BC84-D34E474B5737}.Release|Any CPU.Build.0 = Release|Any CPU
		{F2337592-FC4F-4138-BAA4-0F265C31882C}.Debug|Any CPU.ActiveCfg = Debug|Any CPU
		{F2337592-FC4F-4138-BAA4-0F265C31882C}.Debug|Any CPU.Build.0 = Debug|Any CPU
		{F2337592-FC4F-4138-BAA4-0F265C31882C}.Release|Any CPU.ActiveCfg = Release|Any CPU
		{F2337592-FC4F-4138-BAA4-0F265C31882C}.Release|Any CPU.Build.0 = Release|Any CPU
	EndGlobalSection
	GlobalSection(SolutionProperties) = preSolution
		HideSolutionNode = FALSE
	EndGlobalSection
	GlobalSection(NestedProjects) = preSolution
		{B6D6EFA1-2E70-4871-9AC4-A2C71CD13392} = {723DB40C-ED67-44F1-A5BA-5CFAB198B70B}
		{29497DDE-3305-4899-AE92-1530F9A1DF20} = {723DB40C-ED67-44F1-A5BA-5CFAB198B70B}
		{62EFF556-C9C6-4D06-9D43-A168C29DB7A5} = {723DB40C-ED67-44F1-A5BA-5CFAB198B70B}
		{BA83951A-DACA-40EE-84DF-08D666EAAF20} = {546D9F97-7134-4A29-83ED-DCA7B86C4945}
		{0867E6F7-1B02-44BF-A692-7FAE570EA191} = {546D9F97-7134-4A29-83ED-DCA7B86C4945}
		{1642037A-3018-4360-B8B9-2CDEBDE07688} = {546D9F97-7134-4A29-83ED-DCA7B86C4945}
		{51B3558A-FC15-4FBE-BC84-D34E474B5737} = {723DB40C-ED67-44F1-A5BA-5CFAB198B70B}
		{F2337592-FC4F-4138-BAA4-0F265C31882C} = {723DB40C-ED67-44F1-A5BA-5CFAB198B70B}
	EndGlobalSection
	GlobalSection(ExtensibilityGlobals) = postSolution
		SolutionGuid = {9FAC6FCA-D220-426C-930E-FC7C126D32E1}
	EndGlobalSection
EndGlobal
